
Microsoft Visual Studio Solution File, Format Version 12.00
# Visual Studio Version 16
VisualStudioVersion = 16.0.30320.27
MinimumVisualStudioVersion = 10.0.40219.1
Project("{8BC9CEB8-8B4A-11D0-8D11-00A0C91BC942}") = "StfuEdr", "StfuEdr\StfuEdr.vcxproj", "{D80B5E45-E31F-441A-99E8-AF90EA0E41CD}"
EndProject
Global
	GlobalSection(SolutionConfigurationPlatforms) = preSolution
		Debug|x64 = Debug|x64
		Debug|x86 = Debug|x86
		Release|x64 = Release|x64
		Release|x86 = Release|x86
	EndGlobalSection
	GlobalSection(ProjectConfigurationPlatforms) = postSolution
		{D80B5E45-E31F-441A-99E8-AF90EA0E41CD}.Debug|x64.ActiveCfg = Debug|x64
		{D80B5E45-E31F-441A-99E8-AF90EA0E41CD}.Debug|x64.Build.0 = Debug|x64
		{D80B5E45-E31F-441A-99E8-AF90EA0E41CD}.Debug|x86.ActiveCfg = Debug|Win32
		{D80B5E45-E31F-441A-99E8-AF90EA0E41CD}.Debug|x86.Build.0 = Debug|Win32
		{D80B5E45-E31F-441A-99E8-AF90EA0E41CD}.Release|x64.ActiveCfg = Release|x64
		{D80B5E45-E31F-441A-99E8-AF90EA0E41CD}.Release|x64.Build.0 = Release|x64
		{D80B5E45-E31F-441A-99E8-AF90EA0E41CD}.Release|x86.ActiveCfg = Release|Win32
		{D80B5E45-E31F-441A-99E8-AF90EA0E41CD}.Release|x86.Build.0 = Release|Win32
	EndGlobalSection
	GlobalSection(SolutionProperties) = preSolution
		HideSolutionNode = FALSE
	EndGlobalSection
	GlobalSection(ExtensibilityGlobals) = postSolution
		SolutionGuid = {E5450228-0A13-4312-9756-620840CEE7D6}
	EndGlobalSection
EndGlobal
